# This file is generated by running "yarn install" inside your project.
# Manual changes might be lost - proceed with caution!

__metadata:
  version: 10
  cacheKey: 10c0

"@babel/generator@npm:8.0.0-rc.5":
  version: 8.0.0-rc.5
  resolution: "@babel/generator@npm:8.0.0-rc.5"
  dependencies:
    "@babel/parser": "npm:^8.0.0-rc.5"
    "@babel/types": "npm:^8.0.0-rc.5"
    "@jridgewell/gen-mapping": "npm:^0.3.12"
    "@jridgewell/trace-mapping": "npm:^0.3.28"
    "@types/jsesc": "npm:^2.5.0"
    jsesc: "npm:^3.0.2"
  checksum: 10c0/fe32beaaa8bc8b3877f9365ed6eba1b65656b5c4d7c69319455e3f9ded58fae45d98e9d1376802250043e3cfbe28c295b482de96f8a0e3b6d6ea12c78f5caca1
  languageName: node
  linkType: hard

"@babel/helper-string-parser@npm:^8.0.0-rc.6":
  version: 8.0.0-rc.6
  resolution: "@babel/helper-string-parser@npm:8.0.0-rc.6"
  checksum: 10c0/22b39a1112c7b3e09c353fe298a82546eed3ece05331d0a0c40e9592e8cd30409a983ae0c53ea8f53756c5fea6c665c8ae7c065c4f183066578304f4d34169f5
  languageName: node
  linkType: hard

"@babel/helper-validator-identifier@npm:8.0.0-rc.5":
  version: 8.0.0-rc.5
  resolution: "@babel/helper-validator-identifier@npm:8.0.0-rc.5"
  checksum: 10c0/734bdc5ad5e99155574f68c9b0cf95a8b64d98b551cbe345f4f4b8dce3fbae20e9dec13eb70b8decb88ba1df8a54655f432fd9b741172c2faf4012ec9389b613
  languageName: node
  linkType: hard

"@babel/helper-validator-identifier@npm:^8.0.0-rc.6":
  version: 8.0.0-rc.6
  resolution: "@babel/helper-validator-identifier@npm:8.0.0-rc.6"
  checksum: 10c0/85e0f2c746a06467bf952f9ac1cda1dc63702a88bdfa1297d41de42452acbb9dfc5699bf6f4ed928fb3b50bde9635a6e686e1d253fadf47fb27618632e198ce5
  languageName: node
  linkType: hard

"@babel/parser@npm:8.0.0-rc.4":
  version: 8.0.0-rc.4
  resolution: "@babel/parser@npm:8.0.0-rc.4"
  dependencies:
    "@babel/types": "npm:^8.0.0-rc.4"
  bin:
    parser: ./bin/babel-parser.js
  checksum: 10c0/3f3c6c7b62e2c8256237f39d78b7449c316797390a3ac8af1698995f1c3a7375082033d50cbfc18109b07cb8ef9c4e11e8bba394ec13165ba92a22622244bb1f
  languageName: node
  linkType: hard

"@babel/parser@npm:^8.0.0-beta.4, @babel/parser@npm:^8.0.0-rc.5":
  version: 8.0.0-rc.6
  resolution: "@babel/parser@npm:8.0.0-rc.6"
  dependencies:
    "@babel/types": "npm:^8.0.0-rc.6"
  bin:
    parser: ./bin/babel-parser.js
  checksum: 10c0/de4fd82e7733532e6c0a71766f9fc1cae3daefc999be8ae8c8c2155e7af32c3b4fdb14cfc3a010c969113fd6dc698cd0603ec13579bff38e8159e36cbff94449
  languageName: node
  linkType: hard

"@babel/types@npm:^8.0.0-rc.4, @babel/types@npm:^8.0.0-rc.5, @babel/types@npm:^8.0.0-rc.6":
  version: 8.0.0-rc.6
  resolution: "@babel/types@npm:8.0.0-rc.6"
  dependencies:
    "@babel/helper-string-parser": "npm:^8.0.0-rc.6"
    "@babel/helper-validator-identifier": "npm:^8.0.0-rc.6"
  checksum: 10c0/a323db124830cf0bfe5c217411ff9cce2d7d7182d5a02a3ca8c35905dac53878f88d35d1d6abf6132e6c3d353703385083c01a549ea92a364d66523f3ea8904b
  languageName: node
  linkType: hard

"@cprecioso/carlo@workspace:.":
  version: 0.0.0-use.local
  resolution: "@cprecioso/carlo@workspace:."
  dependencies:
    "@cprecioso/tsconfig": "npm:^4.0.0"
    "@sindresorhus/slugify": "npm:^3.0.0"
    "@types/node": "npm:^24.12.4"
    env-paths: "npm:^4.0.0"
    prettier: "npm:3.8.3"
    prettier-plugin-organize-imports: "npm:4.3.0"
    prettier-plugin-pkg: "npm:0.22.1"
    prettier-plugin-sh: "npm:0.18.1"
    puppeteer: "npm:^25.1.0"
    tsdown: "npm:^0.22.0"
    typescript: "npm:~6.0.3"
  languageName: unknown
  linkType: soft

"@cprecioso/tsconfig@npm:^4.0.0":
  version: 4.0.0
  resolution: "@cprecioso/tsconfig@npm:4.0.0"
  peerDependencies:
    typescript: ">=6"
  checksum: 10c0/39f54c66641ba541e0579330b9062b9d11252161f49eade04b3b26fe01fee1674117912b5a0163b776db9fdbe2487e94ed5c9670b3162f14b1df21e3e299768c
  languageName: node
  linkType: hard

"@emnapi/core@npm:1.10.0":
  version: 1.10.0
  resolution: "@emnapi/core@npm:1.10.0"
  dependencies:
    "@emnapi/wasi-threads": "npm:1.2.1"
    tslib: "npm:^2.4.0"
  checksum: 10c0/f51d08227857b60632de7714d708124f0e100a1462dde6df8221760939aa3204a73193830371830fac0716f3ccd2129f2cac1b17cd7d7958bc4da9018a296edb
  languageName: node
  linkType: hard

"@emnapi/runtime@npm:1.10.0":
  version: 1.10.0
  resolution: "@emnapi/runtime@npm:1.10.0"
  dependencies:
    tslib: "npm:^2.4.0"
  checksum: 10c0/953f14991d1aefb92ee6f8eb27dea725e484791a53a0cb5f47d9e0087b9a2c929ff2e92adf95af15d6ad456db6300c6b761ebf72b50a875b874a83520b3ba093
  languageName: node
  linkType: hard

"@emnapi/wasi-threads@npm:1.2.1":
  version: 1.2.1
  resolution: "@emnapi/wasi-threads@npm:1.2.1"
  dependencies:
    tslib: "npm:^2.4.0"
  checksum: 10c0/32fcfa81ab396533b2ec1f4082b1ff779a05d9c836bbbd3f4398405b0e6814c0d9503b7993130e37bc6941dbc1ded49f55e9700ae9ca4e803bab2b5bc5deb331
  languageName: node
  linkType: hard

"@jridgewell/gen-mapping@npm:^0.3.12":
  version: 0.3.13
  resolution: "@jridgewell/gen-mapping@npm:0.3.13"
  dependencies:
    "@jridgewell/sourcemap-codec": "npm:^1.5.0"
    "@jridgewell/trace-mapping": "npm:^0.3.24"
  checksum: 10c0/9a7d65fb13bd9aec1fbab74cda08496839b7e2ceb31f5ab922b323e94d7c481ce0fc4fd7e12e2610915ed8af51178bdc61e168e92a8c8b8303b030b03489b13b
  languageName: node
  linkType: hard

"@jridgewell/resolve-uri@npm:^3.1.0":
  version: 3.1.2
  resolution: "@jridgewell/resolve-uri@npm:3.1.2"
  checksum: 10c0/d502e6fb516b35032331406d4e962c21fe77cdf1cbdb49c6142bcbd9e30507094b18972778a6e27cbad756209cfe34b1a27729e6fa08a2eb92b33943f680cf1e
  languageName: node
  linkType: hard

"@jridgewell/sourcemap-codec@npm:^1.4.14, @jridgewell/sourcemap-codec@npm:^1.5.0":
  version: 1.5.5
  resolution: "@jridgewell/sourcemap-codec@npm:1.5.5"
  checksum: 10c0/f9e538f302b63c0ebc06eecb1dd9918dd4289ed36147a0ddce35d6ea4d7ebbda243cda7b2213b6a5e1d8087a298d5cf630fb2bd39329cdecb82017023f6081a0
  languageName: node
  linkType: hard

"@jridgewell/trace-mapping@npm:^0.3.24, @jridgewell/trace-mapping@npm:^0.3.28":
  version: 0.3.31
  resolution: "@jridgewell/trace-mapping@npm:0.3.31"
  dependencies:
    "@jridgewell/resolve-uri": "npm:^3.1.0"
    "@jridgewell/sourcemap-codec": "npm:^1.4.14"
  checksum: 10c0/4b30ec8cd56c5fd9a661f088230af01e0c1a3888d11ffb6b47639700f71225be21d1f7e168048d6d4f9449207b978a235c07c8f15c07705685d16dc06280e9d9
  languageName: node
  linkType: hard

"@napi-rs/wasm-runtime@npm:^1.1.4":
  version: 1.1.4
  resolution: "@napi-rs/wasm-runtime@npm:1.1.4"
  dependencies:
    "@tybys/wasm-util": "npm:^0.10.1"
  peerDependencies:
    "@emnapi/core": ^1.7.1
    "@emnapi/runtime": ^1.7.1
  checksum: 10c0/2e88e1955258949ccf2d18c79975821ad38071b465ef126a5e14110977b97868867b016c1ad046e963cccc42c0bd9db6c8ff5fd1ebb61b87bb3487f339041658
  languageName: node
  linkType: hard

"@oxc-project/types@npm:=0.132.0":
  version: 0.132.0
  resolution: "@oxc-project/types@npm:0.132.0"
  checksum: 10c0/d0ca5e98be0b873d69e4f0f743eb35026833603dac11db9d55f2b5438251b381b886dc556fe3175a17b673f8e2073c49bde88d7e6e702aa09298c22b8b5504e1
  languageName: node
  linkType: hard

"@puppeteer/browsers@npm:3.0.4":
  version: 3.0.4
  resolution: "@puppeteer/browsers@npm:3.0.4"
  dependencies:
    modern-tar: "npm:^0.7.6"
    yargs: "npm:^17.7.2"
  peerDependencies:
    proxy-agent: ">=8.0.1"
  peerDependenciesMeta:
    proxy-agent:
      optional: true
  bin:
    browsers: lib/main-cli.js
  checksum: 10c0/800120e87b28bea39447c174892551e526effdaef8c463424c4d1fb7f70b8c77b5283960abecb41534d55463630361ac9c76eb834330764f95d65e005338e230
  languageName: node
  linkType: hard

"@quansync/fs@npm:^1.0.0":
  version: 1.0.0
  resolution: "@quansync/fs@npm:1.0.0"
  dependencies:
    quansync: "npm:^1.0.0"
  checksum: 10c0/41a7e145d4fc349eaeac20ee7ffe0c876a7c26b2268d5704b462b3e7379091221336e315b2b346d5b07a531502a41cad15c9f374800cc60b6339d074ef99aa16
  languageName: node
  linkType: hard

"@reteps/dockerfmt@npm:^0.5.1":
  version: 0.5.2
  resolution: "@reteps/dockerfmt@npm:0.5.2"
  checksum: 10c0/c0af5dcc9c8c9d51c9eec4cfb454c85f31c760373288b9254054709b29a4accc1df10bd765712128dd173e53bfb8b880a94b0aa8b6c2d4294866d800dbdd14e1
  languageName: node
  linkType: hard

"@rolldown/binding-android-arm64@npm:1.0.2":
  version: 1.0.2
  resolution: "@rolldown/binding-android-arm64@npm:1.0.2"
  conditions: os=android & cpu=arm64
  languageName: node
  linkType: hard

"@rolldown/binding-darwin-arm64@npm:1.0.2":
  version: 1.0.2
  resolution: "@rolldown/binding-darwin-arm64@npm:1.0.2"
  conditions: os=darwin & cpu=arm64
  languageName: node
  linkType: hard

"@rolldown/binding-darwin-x64@npm:1.0.2":
  version: 1.0.2
  resolution: "@rolldown/binding-darwin-x64@npm:1.0.2"
  conditions: os=darwin & cpu=x64
  languageName: node
  linkType: hard

"@rolldown/binding-freebsd-x64@npm:1.0.2":
  version: 1.0.2
  resolution: "@rolldown/binding-freebsd-x64@npm:1.0.2"
  conditions: os=freebsd & cpu=x64
  languageName: node
  linkType: hard

"@rolldown/binding-linux-arm-gnueabihf@npm:1.0.2":
  version: 1.0.2
  resolution: "@rolldown/binding-linux-arm-gnueabihf@npm:1.0.2"
  conditions: os=linux & cpu=arm
  languageName: node
  linkType: hard

"@rolldown/binding-linux-arm64-gnu@npm:1.0.2":
  version: 1.0.2
  resolution: "@rolldown/binding-linux-arm64-gnu@npm:1.0.2"
  conditions: os=linux & cpu=arm64 & libc=glibc
  languageName: node
  linkType: hard

"@rolldown/binding-linux-arm64-musl@npm:1.0.2":
  version: 1.0.2
  resolution: "@rolldown/binding-linux-arm64-musl@npm:1.0.2"
  conditions: os=linux & cpu=arm64 & libc=musl
  languageName: node
  linkType: hard

"@rolldown/binding-linux-ppc64-gnu@npm:1.0.2":
  version: 1.0.2
  resolution: "@rolldown/binding-linux-ppc64-gnu@npm:1.0.2"
  conditions: os=linux & cpu=ppc64 & libc=glibc
  languageName: node
  linkType: hard

"@rolldown/binding-linux-s390x-gnu@npm:1.0.2":
  version: 1.0.2
  resolution: "@rolldown/binding-linux-s390x-gnu@npm:1.0.2"
  conditions: os=linux & cpu=s390x & libc=glibc
  languageName: node
  linkType: hard

"@rolldown/binding-linux-x64-gnu@npm:1.0.2":
  version: 1.0.2
  resolution: "@rolldown/binding-linux-x64-gnu@npm:1.0.2"
  conditions: os=linux & cpu=x64 & libc=glibc
  languageName: node
  linkType: hard

"@rolldown/binding-linux-x64-musl@npm:1.0.2":
  version: 1.0.2
  resolution: "@rolldown/binding-linux-x64-musl@npm:1.0.2"
  conditions: os=linux & cpu=x64 & libc=musl
  languageName: node
  linkType: hard

"@rolldown/binding-openharmony-arm64@npm:1.0.2":
  version: 1.0.2
  resolution: "@rolldown/binding-openharmony-arm64@npm:1.0.2"
  conditions: os=openharmony & cpu=arm64
  languageName: node
  linkType: hard

"@rolldown/binding-wasm32-wasi@npm:1.0.2":
  version: 1.0.2
  resolution: "@rolldown/binding-wasm32-wasi@npm:1.0.2"
  dependencies:
    "@emnapi/core": "npm:1.10.0"
    "@emnapi/runtime": "npm:1.10.0"
    "@napi-rs/wasm-runtime": "npm:^1.1.4"
  conditions: cpu=wasm32
  languageName: node
  linkType: hard

"@rolldown/binding-win32-arm64-msvc@npm:1.0.2":
  version: 1.0.2
  resolution: "@rolldown/binding-win32-arm64-msvc@npm:1.0.2"
  conditions: os=win32 & cpu=arm64
  languageName: node
  linkType: hard

"@rolldown/binding-win32-x64-msvc@npm:1.0.2":
  version: 1.0.2
  resolution: "@rolldown/binding-win32-x64-msvc@npm:1.0.2"
  conditions: os=win32 & cpu=x64
  languageName: node
  linkType: hard

"@rolldown/pluginutils@npm:^1.0.0":
  version: 1.0.1
  resolution: "@rolldown/pluginutils@npm:1.0.1"
  checksum: 10c0/99d9b06d90196823e4d8c841f258db7a16e5dbba5824a2962b05d907b79f1ba929d56f22dd744fd530936e568c865ee56a719dc31e57e13bc0a8eb4764a8d8dd
  languageName: node
  linkType: hard

"@sindresorhus/slugify@npm:^3.0.0":
  version: 3.0.0
  resolution: "@sindresorhus/slugify@npm:3.0.0"
  dependencies:
    "@sindresorhus/transliterate": "npm:^2.0.0"
    escape-string-regexp: "npm:^5.0.0"
  checksum: 10c0/e149fcaf81828f137061646970a8c04a00f4730483ae98c17542fc0edc100ec4ee8958311eb22703f1575d14eeffd216a8f47fd30886a893384e4c3faf9f895b
  languageName: node
  linkType: hard

"@sindresorhus/transliterate@npm:^2.0.0":
  version: 2.3.1
  resolution: "@sindresorhus/transliterate@npm:2.3.1"
  checksum: 10c0/36f065fb03212dd9815f99ee53f0333488fd59223d7933695a1cd10b869aa7d56db2cf36094bde36319f153abcc5d2cdd74fc6915327d2852a53e56688f11f6e
  languageName: node
  linkType: hard

"@tybys/wasm-util@npm:^0.10.1":
  version: 0.10.2
  resolution: "@tybys/wasm-util@npm:0.10.2"
  dependencies:
    tslib: "npm:^2.4.0"
  checksum: 10c0/26165bcd1fd7269f42d7fbe3de318f854a8968de8397e89fc9a423bb3e2da35a52150f382e6323b3367595beb16d9800a6f35971a5599daf76da1742ec3afc25
  languageName: node
  linkType: hard

"@types/estree@npm:^1.0.0":
  version: 1.0.9
  resolution: "@types/estree@npm:1.0.9"
  checksum: 10c0/3ad3286ca2988cd550dafb8f2ad599c8474868e954fa601a36655bdfefd8039f7c714b8c1c7f2ae219ffbd58bd4660e66fa7479a0120fc02d4777057d4865387
  languageName: node
  linkType: hard

"@types/jsesc@npm:^2.5.0":
  version: 2.5.1
  resolution: "@types/jsesc@npm:2.5.1"
  checksum: 10c0/12ba7bf5968aeeb36408269f4b5a39718efc6411fa197cf0f5e967ba36ad7b7d555b78787fc480db43ce63ebe6ab0ffe5fd9f64b1ea3b0d073877f0747491b30
  languageName: node
  linkType: hard

"@types/node@npm:^24.12.4":
  version: 24.12.4
  resolution: "@types/node@npm:24.12.4"
  dependencies:
    undici-types: "npm:~7.16.0"
  checksum: 10c0/d2c36b78b6050d8677769fa05a32243061675e81ddc2bb43955d91a671af3465506ef2731a24c0c9ab42b6b679bd5c1513de45bbe9ea278c2c07ee63b564b61b
  languageName: node
  linkType: hard

"ansi-regex@npm:^5.0.1":
  version: 5.0.1
  resolution: "ansi-regex@npm:5.0.1"
  checksum: 10c0/9a64bb8627b434ba9327b60c027742e5d17ac69277960d041898596271d992d4d52ba7267a63ca10232e29f6107fc8a835f6ce8d719b88c5f8493f8254813737
  languageName: node
  linkType: hard

"ansi-styles@npm:^4.0.0":
  version: 4.3.0
  resolution: "ansi-styles@npm:4.3.0"
  dependencies:
    color-convert: "npm:^2.0.1"
  checksum: 10c0/895a23929da416f2bd3de7e9cb4eabd340949328ab85ddd6e484a637d8f6820d485f53933446f5291c3b760cbc488beb8e88573dd0f9c7daf83dccc8fe81b041
  languageName: node
  linkType: hard

"ansis@npm:^4.2.0":
  version: 4.3.0
  resolution: "ansis@npm:4.3.0"
  checksum: 10c0/ef9992c645ca9713f509488e02e600c87986366888c7338fbea300a86a9a82949b011687084275670f6c6a2e009aa2174c06428f6f279aaf3263811b12a25bea
  languageName: node
  linkType: hard

"ast-kit@npm:^3.0.0-beta.1":
  version: 3.0.0-beta.1
  resolution: "ast-kit@npm:3.0.0-beta.1"
  dependencies:
    "@babel/parser": "npm:^8.0.0-beta.4"
    estree-walker: "npm:^3.0.3"
    pathe: "npm:^2.0.3"
  checksum: 10c0/27a0309d495100e088c6aa6449e2bb79fdf6321c42bb73c196d646935ff788c2202d8dfc19e04499c623f0676cbe5d6baaeb645ede4b349fac2bd5c276419d5a
  languageName: node
  linkType: hard

"birpc@npm:^4.0.0":
  version: 4.0.0
  resolution: "birpc@npm:4.0.0"
  checksum: 10c0/61f4e893ff4c5948b2c587c971c04883af0d8b2658d4632c8e77073db9f9e8b040402f985d56308021890b2ad32ef8392e36a8335cab1e3771d99e1b025d1af6
  languageName: node
  linkType: hard

"cac@npm:^7.0.0":
  version: 7.0.0
  resolution: "cac@npm:7.0.0"
  checksum: 10c0/e9da33cb9f0425546ae92a450d479276f9969a050fe64f5d6fedf058bdd87f22a370797fe1c158e07655fa9fc183749df7cb2037431e3772faa7bee9919fb763
  languageName: node
  linkType: hard

"chromium-bidi@npm:16.0.1":
  version: 16.0.1
  resolution: "chromium-bidi@npm:16.0.1"
  dependencies:
    mitt: "npm:^3.0.1"
    zod: "npm:^3.24.1"
  peerDependencies:
    devtools-protocol: "*"
  checksum: 10c0/cfd67f14c4e1f2d2f5e2a3661300c7f487f964445314956eb4005d46c056814fa9d1dcb854a2c6c3537de37d7c134a3889703901f948524d994ae8b76cf7e9bc
  languageName: node
  linkType: hard

"cliui@npm:^8.0.1":
  version: 8.0.1
  resolution: "cliui@npm:8.0.1"
  dependencies:
    string-width: "npm:^4.2.0"
    strip-ansi: "npm:^6.0.1"
    wrap-ansi: "npm:^7.0.0"
  checksum: 10c0/4bda0f09c340cbb6dfdc1ed508b3ca080f12992c18d68c6be4d9cf51756033d5266e61ec57529e610dacbf4da1c634423b0c1b11037709cc6b09045cbd815df5
  languageName: node
  linkType: hard

"color-convert@npm:^2.0.1":
  version: 2.0.1
  resolution: "color-convert@npm:2.0.1"
  dependencies:
    color-name: "npm:~1.1.4"
  checksum: 10c0/37e1150172f2e311fe1b2df62c6293a342ee7380da7b9cfdba67ea539909afbd74da27033208d01d6d5cfc65ee7868a22e18d7e7648e004425441c0f8a15a7d7
  languageName: node
  linkType: hard

"color-name@npm:~1.1.4":
  version: 1.1.4
  resolution: "color-name@npm:1.1.4"
  checksum: 10c0/a1a3f914156960902f46f7f56bc62effc6c94e84b2cae157a526b1c1f74b677a47ec602bf68a61abfa2b42d15b7c5651c6dbe72a43af720bc588dff885b10f95
  languageName: node
  linkType: hard

"defu@npm:^6.1.7":
  version: 6.1.7
  resolution: "defu@npm:6.1.7"
  checksum: 10c0/e6635388103c8be3c574ac31302f6930e5e6eeedba32cb1b30cf993c7d9fb571aec2485446dfa23bfa63e55e66156fe109027a9695db82a50f931e91e8d4bedb
  languageName: node
  linkType: hard

"devtools-protocol@npm:0.0.1624250":
  version: 0.0.1624250
  resolution: "devtools-protocol@npm:0.0.1624250"
  checksum: 10c0/12841d61ca7d50edecba620806f8588a57ad0cefbfa06af3042af285e156bd7e3d121503500c3475656ec06dfcd38ca57171ef70bd898386faf8228d16bd629c
  languageName: node
  linkType: hard

"dts-resolver@npm:^3.0.0":
  version: 3.0.0
  resolution: "dts-resolver@npm:3.0.0"
  peerDependencies:
    oxc-resolver: ">=11.0.0"
  peerDependenciesMeta:
    oxc-resolver:
      optional: true
  checksum: 10c0/ae52c4e09b43def702b02d7edbfa04798522907f22879809f8890e5c61fc762403f46a1c415c2d1a6440b01960bbaf98c72def1771b0962d3b15fec40983a4ab
  languageName: node
  linkType: hard

"emoji-regex@npm:^8.0.0":
  version: 8.0.0
  resolution: "emoji-regex@npm:8.0.0"
  checksum: 10c0/b6053ad39951c4cf338f9092d7bfba448cdfd46fe6a2a034700b149ac9ffbc137e361cbd3c442297f86bed2e5f7576c1b54cc0a6bf8ef5106cc62f496af35010
  languageName: node
  linkType: hard

"empathic@npm:^2.0.0":
  version: 2.0.1
  resolution: "empathic@npm:2.0.1"
  checksum: 10c0/577f2868bfcad4ffbf911b57c75016125eb8cc8a7d32cf2d3e9fbcb31bfe6e9e6b66d9457ac34ccb2cd38bff353b3af34287899e0360b8c561ff6d4a048aca62
  languageName: node
  linkType: hard

"env-paths@npm:^4.0.0":
  version: 4.0.0
  resolution: "env-paths@npm:4.0.0"
  dependencies:
    is-safe-filename: "npm:^0.1.0"
  checksum: 10c0/13ee7fa4047786ca28f1fbf2239606f8a53304bdf71bfc426e95f806e429060181205316f2c45b4ac560e81c854ded5a45fd9dc3105414c01d504b3469a1294b
  languageName: node
  linkType: hard

"escalade@npm:^3.1.1":
  version: 3.2.0
  resolution: "escalade@npm:3.2.0"
  checksum: 10c0/ced4dd3a78e15897ed3be74e635110bbf3b08877b0a41be50dcb325ee0e0b5f65fc2d50e9845194d7c4633f327e2e1c6cce00a71b617c5673df0374201d67f65
  languageName: node
  linkType: hard

"escape-string-regexp@npm:^5.0.0":
  version: 5.0.0
  resolution: "escape-string-regexp@npm:5.0.0"
  checksum: 10c0/6366f474c6f37a802800a435232395e04e9885919873e382b157ab7e8f0feb8fed71497f84a6f6a81a49aab41815522f5839112bd38026d203aea0c91622df95
  languageName: node
  linkType: hard

"estree-walker@npm:^3.0.3":
  version: 3.0.3
  resolution: "estree-walker@npm:3.0.3"
  dependencies:
    "@types/estree": "npm:^1.0.0"
  checksum: 10c0/c12e3c2b2642d2bcae7d5aa495c60fa2f299160946535763969a1c83fc74518ffa9c2cd3a8b69ac56aea547df6a8aac25f729a342992ef0bbac5f1c73e78995d
  languageName: node
  linkType: hard

"fdir@npm:^6.5.0":
  version: 6.5.0
  resolution: "fdir@npm:6.5.0"
  peerDependencies:
    picomatch: ^3 || ^4
  peerDependenciesMeta:
    picomatch:
      optional: true
  checksum: 10c0/e345083c4306b3aed6cb8ec551e26c36bab5c511e99ea4576a16750ddc8d3240e63826cc624f5ae17ad4dc82e68a253213b60d556c11bfad064b7607847ed07f
  languageName: node
  linkType: hard

"get-caller-file@npm:^2.0.5":
  version: 2.0.5
  resolution: "get-caller-file@npm:2.0.5"
  checksum: 10c0/c6c7b60271931fa752aeb92f2b47e355eac1af3a2673f47c9589e8f8a41adc74d45551c1bc57b5e66a80609f10ffb72b6f575e4370d61cc3f7f3aaff01757cde
  languageName: node
  linkType: hard

"get-tsconfig@npm:5.0.0-beta.5":
  version: 5.0.0-beta.5
  resolution: "get-tsconfig@npm:5.0.0-beta.5"
  dependencies:
    resolve-pkg-maps: "npm:^1.0.0"
  checksum: 10c0/fd96e2a7d872703d8c5d7ed5d5d884a4e33f6cd9f012aa68a3c7aae700b84b502e41c06641a3d0667b1e8c8f7d497857dd6d3bba3987d2e5f59d95e49fb6e3b9
  languageName: node
  linkType: hard

"hookable@npm:^6.1.1":
  version: 6.1.1
  resolution: "hookable@npm:6.1.1"
  checksum: 10c0/bb46cd9ffc0a997af21febd97835da4e59a6989adec73dc3c215fcc44c7ac01de4781f251c3d420bf45862d2592a695f5f0de095b6f5df52db8afb5166938212
  languageName: node
  linkType: hard

"import-without-cache@npm:^0.4.0":
  version: 0.4.0
  resolution: "import-without-cache@npm:0.4.0"
  checksum: 10c0/5ba51078dc15f08cd1ef4e12f3d274a7e1906319ac831b5ddf036a033ab3b4395264b93c64be8b6050be27546754a4c3a84fcfbe8e827ba221203cc47c608a46
  languageName: node
  linkType: hard

"is-fullwidth-code-point@npm:^3.0.0":
  version: 3.0.0
  resolution: "is-fullwidth-code-point@npm:3.0.0"
  checksum: 10c0/bb11d825e049f38e04c06373a8d72782eee0205bda9d908cc550ccb3c59b99d750ff9537982e01733c1c94a58e35400661f57042158ff5e8f3e90cf936daf0fc
  languageName: node
  linkType: hard

"is-safe-filename@npm:^0.1.0":
  version: 0.1.1
  resolution: "is-safe-filename@npm:0.1.1"
  checksum: 10c0/45c35d2253b96348e2c26590e14feed51d1e6b72aaa567930ccb34e68c0eef00ebcf3b7e01b46bf45e578a27355cd8f5bc12f7d6d79a34d33dc93d4560c0f6b6
  languageName: node
  linkType: hard

"jsesc@npm:^3.0.2":
  version: 3.1.0
  resolution: "jsesc@npm:3.1.0"
  bin:
    jsesc: bin/jsesc
  checksum: 10c0/531779df5ec94f47e462da26b4cbf05eb88a83d9f08aac2ba04206508fc598527a153d08bd462bae82fc78b3eaa1a908e1a4a79f886e9238641c4cdefaf118b1
  languageName: node
  linkType: hard

"lilconfig@npm:^3.1.3":
  version: 3.1.3
  resolution: "lilconfig@npm:3.1.3"
  checksum: 10c0/f5604e7240c5c275743561442fbc5abf2a84ad94da0f5adc71d25e31fa8483048de3dcedcb7a44112a942fed305fd75841cdf6c9681c7f640c63f1049e9a5dcc
  languageName: node
  linkType: hard

"mitt@npm:^3.0.1":
  version: 3.0.1
  resolution: "mitt@npm:3.0.1"
  checksum: 10c0/3ab4fdecf3be8c5255536faa07064d05caa3dd332bd318ff02e04621f7b3069ca1de9106cfe8e7ced675abfc2bec2ce4c4ef321c4a1bb1fb29df8ae090741913
  languageName: node
  linkType: hard

"modern-tar@npm:^0.7.6":
  version: 0.7.6
  resolution: "modern-tar@npm:0.7.6"
  checksum: 10c0/1733590c67f31141a7efafd084d82f1da6818f20a7e6edc66623bf9e91b7451f4da079536e3e0e29b20947ea92219cba8d415cea19734edd15fe3bbd874b4846
  languageName: node
  linkType: hard

"obug@npm:^2.1.1":
  version: 2.1.1
  resolution: "obug@npm:2.1.1"
  checksum: 10c0/59dccd7de72a047e08f8649e94c1015ec72f94eefb6ddb57fb4812c4b425a813bc7e7cd30c9aca20db3c59abc3c85cc7a62bb656a968741d770f4e8e02bc2e78
  languageName: node
  linkType: hard

"pathe@npm:^2.0.3":
  version: 2.0.3
  resolution: "pathe@npm:2.0.3"
  checksum: 10c0/c118dc5a8b5c4166011b2b70608762e260085180bb9e33e80a50dcdb1e78c010b1624f4280c492c92b05fc276715a4c357d1f9edc570f8f1b3d90b6839ebaca1
  languageName: node
  linkType: hard

"picomatch@npm:^4.0.4":
  version: 4.0.4
  resolution: "picomatch@npm:4.0.4"
  checksum: 10c0/e2c6023372cc7b5764719a5ffb9da0f8e781212fa7ca4bd0562db929df8e117460f00dff3cb7509dacfc06b86de924b247f504d0ce1806a37fac4633081466b0
  languageName: node
  linkType: hard

"prettier-plugin-organize-imports@npm:4.3.0":
  version: 4.3.0
  resolution: "prettier-plugin-organize-imports@npm:4.3.0"
  peerDependencies:
    prettier: ">=2.0"
    typescript: ">=2.9"
    vue-tsc: ^2.1.0 || 3
  peerDependenciesMeta:
    vue-tsc:
      optional: true
  checksum: 10c0/57e5a3e611f1da6614fe1228d306b9a361d9249140abfdfcf21cffc9de13bda204c01f44bed0396786269541b63e12b05e1eab03e43d2e201320e4211af88bc6
  languageName: node
  linkType: hard

"prettier-plugin-pkg@npm:0.22.1":
  version: 0.22.1
  resolution: "prettier-plugin-pkg@npm:0.22.1"
  peerDependencies:
    prettier: ^3.0.3
  checksum: 10c0/72c29ee2122588d1a29265c9f3b406564ebd2dfc393400391f7bf43ca24195e101543f7ac199a92e087e6dadd446c574d20d3792c431218cf0b961ea9599202d
  languageName: node
  linkType: hard

"prettier-plugin-sh@npm:0.18.1":
  version: 0.18.1
  resolution: "prettier-plugin-sh@npm:0.18.1"
  dependencies:
    "@reteps/dockerfmt": "npm:^0.5.1"
    sh-syntax: "npm:^0.5.8"
  peerDependencies:
    prettier: ^3.6.0
  checksum: 10c0/e79a8dab1b9cd966bf078b1ca4ec412d190fb905ca6bfb89f841d309ed39ecb7136901b64919e3d8e52e9233d658b64bc69203ff81384914ec90dedbcbe804da
  languageName: node
  linkType: hard

"prettier@npm:3.8.3":
  version: 3.8.3
  resolution: "prettier@npm:3.8.3"
  bin:
    prettier: bin/prettier.cjs
  checksum: 10c0/754816fd7593eb80f6376d7476d463e832c38a12f32775a82683adb6e35b772b1f484d65f19401507b983a8c8a7cd5a4a9f12006bd56491e8f35503473f77473
  languageName: node
  linkType: hard

"puppeteer-core@npm:25.1.0":
  version: 25.1.0
  resolution: "puppeteer-core@npm:25.1.0"
  dependencies:
    "@puppeteer/browsers": "npm:3.0.4"
    chromium-bidi: "npm:16.0.1"
    devtools-protocol: "npm:0.0.1624250"
    typed-query-selector: "npm:^2.12.2"
    webdriver-bidi-protocol: "npm:0.4.2"
    ws: "npm:^8.21.0"
  checksum: 10c0/059a90fd8c3903c87f015fc85708e197ef9d6aab483324e2697105817fec6efa40aaf32a41e6ea49143e02177c56e7cddd3f9610f2cad3c5fd7684d0c63606a7
  languageName: node
  linkType: hard

"puppeteer@npm:^25.1.0":
  version: 25.1.0
  resolution: "puppeteer@npm:25.1.0"
  dependencies:
    "@puppeteer/browsers": "npm:3.0.4"
    chromium-bidi: "npm:16.0.1"
    devtools-protocol: "npm:0.0.1624250"
    lilconfig: "npm:^3.1.3"
    puppeteer-core: "npm:25.1.0"
    typed-query-selector: "npm:^2.12.2"
  bin:
    puppeteer: lib/puppeteer/node/cli.js
  checksum: 10c0/f3edcd67c8fbecf7a8c5964d7db8b51e45afc6d50cd6c36f0fb78ae60a7548ebcd09f9ee9429bf871aa9c0a94a18d01e637ae1b9b8a591849eb8b7c883fdb308
  languageName: node
  linkType: hard

"quansync@npm:^1.0.0":
  version: 1.0.0
  resolution: "quansync@npm:1.0.0"
  checksum: 10c0/076542634399a0cc46078baab6b31acee7a88c5a435234345f645aedaa42bc6a63836e655fb39b1b21a83c98ec86a4b73ec5e2b2d6f3fdc22711eeeff9463253
  languageName: node
  linkType: hard

"require-directory@npm:^2.1.1":
  version: 2.1.1
  resolution: "require-directory@npm:2.1.1"
  checksum: 10c0/83aa76a7bc1531f68d92c75a2ca2f54f1b01463cb566cf3fbc787d0de8be30c9dbc211d1d46be3497dac5785fe296f2dd11d531945ac29730643357978966e99
  languageName: node
  linkType: hard

"resolve-pkg-maps@npm:^1.0.0":
  version: 1.0.0
  resolution: "resolve-pkg-maps@npm:1.0.0"
  checksum: 10c0/fb8f7bbe2ca281a73b7ef423a1cbc786fb244bd7a95cbe5c3fba25b27d327150beca8ba02f622baea65919a57e061eb5005204daa5f93ed590d9b77463a567ab
  languageName: node
  linkType: hard

"rolldown-plugin-dts@npm:^0.25.0":
  version: 0.25.1
  resolution: "rolldown-plugin-dts@npm:0.25.1"
  dependencies:
    "@babel/generator": "npm:8.0.0-rc.5"
    "@babel/helper-validator-identifier": "npm:8.0.0-rc.5"
    "@babel/parser": "npm:8.0.0-rc.4"
    ast-kit: "npm:^3.0.0-beta.1"
    birpc: "npm:^4.0.0"
    dts-resolver: "npm:^3.0.0"
    get-tsconfig: "npm:5.0.0-beta.5"
    obug: "npm:^2.1.1"
  peerDependencies:
    "@ts-macro/tsc": ^0.3.6
    "@typescript/native-preview": ">=7.0.0-dev.20260325.1"
    rolldown: ^1.0.0
    typescript: ^5.0.0 || ^6.0.0
    vue-tsc: ~3.2.0
  peerDependenciesMeta:
    "@ts-macro/tsc":
      optional: true
    "@typescript/native-preview":
      optional: true
    typescript:
      optional: true
    vue-tsc:
      optional: true
  checksum: 10c0/d367300ce6a16479774bb673fa6e36f1464b8e39f09f46aa255104723b921646a551970b8edf4e1d32a3ff7553f2a983aa010327dbfc578bade0b0af55a7f310
  languageName: node
  linkType: hard

"rolldown@npm:^1.0.0":
  version: 1.0.2
  resolution: "rolldown@npm:1.0.2"
  dependencies:
    "@oxc-project/types": "npm:=0.132.0"
    "@rolldown/binding-android-arm64": "npm:1.0.2"
    "@rolldown/binding-darwin-arm64": "npm:1.0.2"
    "@rolldown/binding-darwin-x64": "npm:1.0.2"
    "@rolldown/binding-freebsd-x64": "npm:1.0.2"
    "@rolldown/binding-linux-arm-gnueabihf": "npm:1.0.2"
    "@rolldown/binding-linux-arm64-gnu": "npm:1.0.2"
    "@rolldown/binding-linux-arm64-musl": "npm:1.0.2"
    "@rolldown/binding-linux-ppc64-gnu": "npm:1.0.2"
    "@rolldown/binding-linux-s390x-gnu": "npm:1.0.2"
    "@rolldown/binding-linux-x64-gnu": "npm:1.0.2"
    "@rolldown/binding-linux-x64-musl": "npm:1.0.2"
    "@rolldown/binding-openharmony-arm64": "npm:1.0.2"
    "@rolldown/binding-wasm32-wasi": "npm:1.0.2"
    "@rolldown/binding-win32-arm64-msvc": "npm:1.0.2"
    "@rolldown/binding-win32-x64-msvc": "npm:1.0.2"
    "@rolldown/pluginutils": "npm:^1.0.0"
  dependenciesMeta:
    "@rolldown/binding-android-arm64":
      optional: true
    "@rolldown/binding-darwin-arm64":
      optional: true
    "@rolldown/binding-darwin-x64":
      optional: true
    "@rolldown/binding-freebsd-x64":
      optional: true
    "@rolldown/binding-linux-arm-gnueabihf":
      optional: true
    "@rolldown/binding-linux-arm64-gnu":
      optional: true
    "@rolldown/binding-linux-arm64-musl":
      optional: true
    "@rolldown/binding-linux-ppc64-gnu":
      optional: true
    "@rolldown/binding-linux-s390x-gnu":
      optional: true
    "@rolldown/binding-linux-x64-gnu":
      optional: true
    "@rolldown/binding-linux-x64-musl":
      optional: true
    "@rolldown/binding-openharmony-arm64":
      optional: true
    "@rolldown/binding-wasm32-wasi":
      optional: true
    "@rolldown/binding-win32-arm64-msvc":
      optional: true
    "@rolldown/binding-win32-x64-msvc":
      optional: true
  bin:
    rolldown: ./bin/cli.mjs
  checksum: 10c0/628327a6e3122c0b62880f1c87d54095394e5138a6af2e6e7b2f67ef4c4b11f1421db68c9a5bb4e1be161465a863ab4f68f15076ce895cd4bb3d0ba18a3b20b1
  languageName: node
  linkType: hard

"semver@npm:^7.7.4":
  version: 7.8.1
  resolution: "semver@npm:7.8.1"
  bin:
    semver: bin/semver.js
  checksum: 10c0/92d6871d6347e1f99d0ba396a70f2545ccf2a032cda3d378fa0699edf7506b5c6d266aed55c8b88e72bd91a30d2351e4f39db479375374430fcdc4b58f4e3c1a
  languageName: node
  linkType: hard

"sh-syntax@npm:^0.5.8":
  version: 0.5.8
  resolution: "sh-syntax@npm:0.5.8"
  dependencies:
    tslib: "npm:^2.8.1"
  checksum: 10c0/2d2609fc8760ef97175c852be26ee3eeb196078c5aec282c8b96a59ee362be4f470d3e0df4e372da6c7a7b44ccc42910cbdcb0915271b3cb6a6212d00dde116f
  languageName: node
  linkType: hard

"string-width@npm:^4.1.0, string-width@npm:^4.2.0, string-width@npm:^4.2.3":
  version: 4.2.3
  resolution: "string-width@npm:4.2.3"
  dependencies:
    emoji-regex: "npm:^8.0.0"
    is-fullwidth-code-point: "npm:^3.0.0"
    strip-ansi: "npm:^6.0.1"
  checksum: 10c0/1e525e92e5eae0afd7454086eed9c818ee84374bb80328fc41217ae72ff5f065ef1c9d7f72da41de40c75fa8bb3dee63d92373fd492c84260a552c636392a47b
  languageName: node
  linkType: hard

"strip-ansi@npm:^6.0.0, strip-ansi@npm:^6.0.1":
  version: 6.0.1
  resolution: "strip-ansi@npm:6.0.1"
  dependencies:
    ansi-regex: "npm:^5.0.1"
  checksum: 10c0/1ae5f212a126fe5b167707f716942490e3933085a5ff6c008ab97ab2f272c8025d3aa218b7bd6ab25729ca20cc81cddb252102f8751e13482a5199e873680952
  languageName: node
  linkType: hard

"tinyexec@npm:^1.1.2":
  version: 1.2.2
  resolution: "tinyexec@npm:1.2.2"
  checksum: 10c0/8bcb4969c572c21d570c033e29cb896e26d96e49e58f4fe07a532d3d65e10bdfae59733bf8a6a0fd9b611543c4ed3b890c939c3234489599296fb92515eb4625
  languageName: node
  linkType: hard

"tinyglobby@npm:^0.2.16":
  version: 0.2.16
  resolution: "tinyglobby@npm:0.2.16"
  dependencies:
    fdir: "npm:^6.5.0"
    picomatch: "npm:^4.0.4"
  checksum: 10c0/f2e09fd93dd95c41e522113b686ff6f7c13020962f8698a864a257f3d7737599afc47722b7ab726e12f8a813f779906187911ff8ee6701ede65072671a7e934b
  languageName: node
  linkType: hard

"tree-kill@npm:^1.2.2":
  version: 1.2.2
  resolution: "tree-kill@npm:1.2.2"
  bin:
    tree-kill: cli.js
  checksum: 10c0/7b1b7c7f17608a8f8d20a162e7957ac1ef6cd1636db1aba92f4e072dc31818c2ff0efac1e3d91064ede67ed5dc57c565420531a8134090a12ac10cf792ab14d2
  languageName: node
  linkType: hard

"tsdown@npm:^0.22.0":
  version: 0.22.0
  resolution: "tsdown@npm:0.22.0"
  dependencies:
    ansis: "npm:^4.2.0"
    cac: "npm:^7.0.0"
    defu: "npm:^6.1.7"
    empathic: "npm:^2.0.0"
    hookable: "npm:^6.1.1"
    import-without-cache: "npm:^0.4.0"
    obug: "npm:^2.1.1"
    picomatch: "npm:^4.0.4"
    rolldown: "npm:^1.0.0"
    rolldown-plugin-dts: "npm:^0.25.0"
    semver: "npm:^7.7.4"
    tinyexec: "npm:^1.1.2"
    tinyglobby: "npm:^0.2.16"
    tree-kill: "npm:^1.2.2"
    unconfig-core: "npm:^7.5.0"
  peerDependencies:
    "@arethetypeswrong/core": ^0.18.1
    "@tsdown/css": 0.22.0
    "@tsdown/exe": 0.22.0
    "@vitejs/devtools": "*"
    publint: ^0.3.8
    tsx: "*"
    typescript: ^5.0.0 || ^6.0.0
    unplugin-unused: ^0.5.0
    unrun: "*"
  peerDependenciesMeta:
    "@arethetypeswrong/core":
      optional: true
    "@tsdown/css":
      optional: true
    "@tsdown/exe":
      optional: true
    "@vitejs/devtools":
      optional: true
    publint:
      optional: true
    tsx:
      optional: true
    typescript:
      optional: true
    unplugin-unused:
      optional: true
    unrun:
      optional: true
  bin:
    tsdown: ./dist/run.mjs
  checksum: 10c0/9c79ca001c69014b65012c28b869a27134750b659de9c8c87e3e6f75526ed7efebcf9d1b947f1ef72d6f3cedbf5510dca2889d310065f3449885e1a11a35b368
  languageName: node
  linkType: hard

"tslib@npm:^2.4.0, tslib@npm:^2.8.1":
  version: 2.8.1
  resolution: "tslib@npm:2.8.1"
  checksum: 10c0/9c4759110a19c53f992d9aae23aac5ced636e99887b51b9e61def52611732872ff7668757d4e4c61f19691e36f4da981cd9485e869b4a7408d689f6bf1f14e62
  languageName: node
  linkType: hard

"typed-query-selector@npm:^2.12.2":
  version: 2.12.2
  resolution: "typed-query-selector@npm:2.12.2"
  checksum: 10c0/2710369ada5bde578606b043eefb8a6d7f9178630ae4950a4dfd4f70cceb8196d5bbc735a905cd3e06953127e4dd1825c3e0be06d64e5a6e5609965cffee701d
  languageName: node
  linkType: hard

"typescript@npm:~6.0.3":
  version: 6.0.3
  resolution: "typescript@npm:6.0.3"
  bin:
    tsc: bin/tsc
    tsserver: bin/tsserver
  checksum: 10c0/4a25ff5045b984370f48f196b3a0120779b1b343d40b9a68d114ea5e5fff099809b2bb777576991a63a5cd59cf7bffd96ff6fe10afcefbcb8bd6fb96ad4b6606
  languageName: node
  linkType: hard

"typescript@patch:typescript@npm%3A~6.0.3#optional!builtin<compat/typescript>":
  version: 6.0.3
  resolution: "typescript@patch:typescript@npm%3A6.0.3#optional!builtin<compat/typescript>::version=6.0.3&hash=5786d5"
  bin:
    tsc: bin/tsc
    tsserver: bin/tsserver
  checksum: 10c0/2f25c74e65663c248fa1ade2b8459d9ce5372ff9dad07067310f132966ebec1d93f6c42f0baf77a6b6a7a91460463f708e6887013aaade22111037457c6b25df
  languageName: node
  linkType: hard

"unconfig-core@npm:^7.5.0":
  version: 7.5.0
  resolution: "unconfig-core@npm:7.5.0"
  dependencies:
    "@quansync/fs": "npm:^1.0.0"
    quansync: "npm:^1.0.0"
  checksum: 10c0/9c9f745254aa8e267140430a432353d17ee87f625b0ea0668e189d88736828d117b66bd2dd41f1d48bd40d44d5b7c7d160e8b7996a60c8f484e2975ef73c7cb7
  languageName: node
  linkType: hard

"undici-types@npm:~7.16.0":
  version: 7.16.0
  resolution: "undici-types@npm:7.16.0"
  checksum: 10c0/3033e2f2b5c9f1504bdc5934646cb54e37ecaca0f9249c983f7b1fc2e87c6d18399ebb05dc7fd5419e02b2e915f734d872a65da2e3eeed1813951c427d33cc9a
  languageName: node
  linkType: hard

"webdriver-bidi-protocol@npm:0.4.2":
  version: 0.4.2
  resolution: "webdriver-bidi-protocol@npm:0.4.2"
  checksum: 10c0/dd2068949615a4c809949cc590ea7212c82400b21a4150c9ced5bae9b707b21a1dea6edbe52a76519e67835b13e6e036946bbb6c005038b1dccc411c88a9c78e
  languageName: node
  linkType: hard

"wrap-ansi@npm:^7.0.0":
  version: 7.0.0
  resolution: "wrap-ansi@npm:7.0.0"
  dependencies:
    ansi-styles: "npm:^4.0.0"
    string-width: "npm:^4.1.0"
    strip-ansi: "npm:^6.0.0"
  checksum: 10c0/d15fc12c11e4cbc4044a552129ebc75ee3f57aa9c1958373a4db0292d72282f54373b536103987a4a7594db1ef6a4f10acf92978f79b98c49306a4b58c77d4da
  languageName: node
  linkType: hard

"ws@npm:^8.21.0":
  version: 8.21.0
  resolution: "ws@npm:8.21.0"
  peerDependencies:
    bufferutil: ^4.0.1
    utf-8-validate: ">=5.0.2"
  peerDependenciesMeta:
    bufferutil:
      optional: true
    utf-8-validate:
      optional: true
  checksum: 10c0/ef4a243476283fc49bc7550966c4af4aa0eef56273837211e700de3b664e08604a760cdddcb5ba43c049140e74ccfec5b0ee0bb439e08c2adf9138902fdde5f9
  languageName: node
  linkType: hard

"y18n@npm:^5.0.5":
  version: 5.0.8
  resolution: "y18n@npm:5.0.8"
  checksum: 10c0/4df2842c36e468590c3691c894bc9cdbac41f520566e76e24f59401ba7d8b4811eb1e34524d57e54bc6d864bcb66baab7ffd9ca42bf1eda596618f9162b91249
  languageName: node
  linkType: hard

"yargs-parser@npm:^21.1.1":
  version: 21.1.1
  resolution: "yargs-parser@npm:21.1.1"
  checksum: 10c0/f84b5e48169479d2f402239c59f084cfd1c3acc197a05c59b98bab067452e6b3ea46d4dd8ba2985ba7b3d32a343d77df0debd6b343e5dae3da2aab2cdf5886b2
  languageName: node
  linkType: hard

"yargs@npm:^17.7.2":
  version: 17.7.2
  resolution: "yargs@npm:17.7.2"
  dependencies:
    cliui: "npm:^8.0.1"
    escalade: "npm:^3.1.1"
    get-caller-file: "npm:^2.0.5"
    require-directory: "npm:^2.1.1"
    string-width: "npm:^4.2.3"
    y18n: "npm:^5.0.5"
    yargs-parser: "npm:^21.1.1"
  checksum: 10c0/ccd7e723e61ad5965fffbb791366db689572b80cca80e0f96aad968dfff4156cd7cd1ad18607afe1046d8241e6fb2d6c08bf7fa7bfb5eaec818735d8feac8f05
  languageName: node
  linkType: hard

"zod@npm:^3.24.1":
  version: 3.25.76
  resolution: "zod@npm:3.25.76"
  checksum: 10c0/5718ec35e3c40b600316c5b4c5e4976f7fee68151bc8f8d90ec18a469be9571f072e1bbaace10f1e85cf8892ea12d90821b200e980ab46916a6166a4260a983c
  languageName: node
  linkType: hard
